// !$*UTF8*$!
{
	archiveVersion = 1;
	classes = {
	};
	objectVersion = 56;
	objects = {

/* Begin PBXBuildFile section */
		789AA06B297783C3003C3BDB /* AppDelegate.swift in Sources */ = {isa = PBXBuildFile; fileRef = 789AA06A297783C3003C3BDB /* AppDelegate.swift */; };
		789AA06D297783C3003C3BDB /* SceneDelegate.swift in Sources */ = {isa = PBXBuildFile; fileRef = 789AA06C297783C3003C3BDB /* SceneDelegate.swift */; };
		789AA074297783C4003C3BDB /* Assets.xcassets in Resources */ = {isa = PBXBuildFile; fileRef = 789AA073297783C4003C3BDB /* Assets.xcassets */; };
		789AA077297783C4003C3BDB /* LaunchScreen.storyboard in Resources */ = {isa = PBXBuildFile; fileRef = 789AA075297783C4003C3BDB /* LaunchScreen.storyboard */; };
		789AA07F29778DB3003C3BDB /* PokeViewController.swift in Sources */ = {isa = PBXBuildFile; fileRef = 789AA07E29778DB3003C3BDB /* PokeViewController.swift */; };
		789AA08129778DDB003C3BDB /* Pokemon.storyboard in Resources */ = {isa = PBXBuildFile; fileRef = 789AA08029778DDB003C3BDB /* Pokemon.storyboard */; };
		789AA0892977BF48003C3BDB /* APIService.swift in Sources */ = {isa = PBXBuildFile; fileRef = 789AA0882977BF48003C3BDB /* APIService.swift */; };
		789AA08C2977BF59003C3BDB /* PokemonAPI in Frameworks */ = {isa = PBXBuildFile; productRef = 789AA08B2977BF59003C3BDB /* PokemonAPI */; };
		789AA08E2977BFCF003C3BDB /* Pokemon.swift in Sources */ = {isa = PBXBuildFile; fileRef = 789AA08D2977BFCF003C3BDB /* Pokemon.swift */; };
		789AA0932978D8CB003C3BDB /* PokemonCollectionViewCell.swift in Sources */ = {isa = PBXBuildFile; fileRef = 789AA0922978D8CB003C3BDB /* PokemonCollectionViewCell.swift */; };
		789AA0952978DB46003C3BDB /* ARCADECLASSIC.TTF in Resources */ = {isa = PBXBuildFile; fileRef = 789AA0942978DB46003C3BDB /* ARCADECLASSIC.TTF */; };
		789AA0972978DBD1003C3BDB /* TwoColumnFlowLayout.swift in Sources */ = {isa = PBXBuildFile; fileRef = 789AA0962978DBD1003C3BDB /* TwoColumnFlowLayout.swift */; };
		789AA09D2978DFFA003C3BDB /* Kingfisher in Frameworks */ = {isa = PBXBuildFile; productRef = 789AA09C2978DFFA003C3BDB /* Kingfisher */; };
		789AA0A429794065003C3BDB /* LoadingReusableView.swift in Sources */ = {isa = PBXBuildFile; fileRef = 789AA0A229794065003C3BDB /* LoadingReusableView.swift */; };
		789AA0A529794065003C3BDB /* LoadingReusableView.xib in Resources */ = {isa = PBXBuildFile; fileRef = 789AA0A329794065003C3BDB /* LoadingReusableView.xib */; };
/* End PBXBuildFile section */

/* Begin PBXFileReference section */
		789AA067297783C3003C3BDB /* PokeDex.app */ = {isa = PBXFileReference; explicitFileType = wrapper.application; includeInIndex = 0; path = PokeDex.app; sourceTree = BUILT_PRODUCTS_DIR; };
		789AA06A297783C3003C3BDB /* AppDelegate.swift */ = {isa = PBXFileReference; lastKnownFileType = sourcecode.swift; path = AppDelegate.swift; sourceTree = "<group>"; };
		789AA06C297783C3003C3BDB /* SceneDelegate.swift */ = {isa = PBXFileReference; lastKnownFileType = sourcecode.swift; path = SceneDelegate.swift; sourceTree = "<group>"; };
		789AA073297783C4003C3BDB /* Assets.xcassets */ = {isa = PBXFileReference; lastKnownFileType = folder.assetcatalog; path = Assets.xcassets; sourceTree = "<group>"; };
		789AA076297783C4003C3BDB /* Base */ = {isa = PBXFileReference; lastKnownFileType = file.storyboard; name = Base; path = Base.lproj/LaunchScreen.storyboard; sourceTree = "<group>"; };
		789AA078297783C4003C3BDB /* Info.plist */ = {isa = PBXFileReference; lastKnownFileType = text.plist.xml; path = Info.plist; sourceTree = "<group>"; };
		789AA07E29778DB3003C3BDB /* PokeViewController.swift */ = {isa = PBXFileReference; lastKnownFileType = sourcecode.swift; path = PokeViewController.swift; sourceTree = "<group>"; };
		789AA08029778DDB003C3BDB /* Pokemon.storyboard */ = {isa = PBXFileReference; lastKnownFileType = file.storyboard; path = Pokemon.storyboard; sourceTree = "<group>"; };
		789AA0882977BF48003C3BDB /* APIService.swift */ = {isa = PBXFileReference; lastKnownFileType = sourcecode.swift; path = APIService.swift; sourceTree = "<group>"; };
		789AA08D2977BFCF003C3BDB /* Pokemon.swift */ = {isa = PBXFileReference; lastKnownFileType = sourcecode.swift; path = Pokemon.swift; sourceTree = "<group>"; };
		789AA0922978D8CB003C3BDB /* PokemonCollectionViewCell.swift */ = {isa = PBXFileReference; lastKnownFileType = sourcecode.swift; path = PokemonCollectionViewCell.swift; sourceTree = "<group>"; };
		789AA0942978DB46003C3BDB /* ARCADECLASSIC.TTF */ = {isa = PBXFileReference; lastKnownFileType = file; path = ARCADECLASSIC.TTF; sourceTree = "<group>"; };
		789AA0962978DBD1003C3BDB /* TwoColumnFlowLayout.swift */ = {isa = PBXFileReference; lastKnownFileType = sourcecode.swift; path = TwoColumnFlowLayout.swift; sourceTree = "<group>"; };
		789AA0A229794065003C3BDB /* LoadingReusableView.swift */ = {isa = PBXFileReference; lastKnownFileType = sourcecode.swift; path = LoadingReusableView.swift; sourceTree = "<group>"; };
		789AA0A329794065003C3BDB /* LoadingReusableView.xib */ = {isa = PBXFileReference; lastKnownFileType = file.xib; path = LoadingReusableView.xib; sourceTree = "<group>"; };
/* End PBXFileReference section */

/* Begin PBXFrameworksBuildPhase section */
		789AA064297783C3003C3BDB /* Frameworks */ = {
			isa = PBXFrameworksBuildPhase;
			buildActionMask = 2147483647;
			files = (
				789AA09D2978DFFA003C3BDB /* Kingfisher in Frameworks */,
				789AA08C2977BF59003C3BDB /* PokemonAPI in Frameworks */,
			);
			runOnlyForDeploymentPostprocessing = 0;
		};
/* End PBXFrameworksBuildPhase section */

/* Begin PBXGroup section */
		789AA05E297783C3003C3BDB = {
			isa = PBXGroup;
			children = (
				789AA069297783C3003C3BDB /* PokeDex */,
				789AA068297783C3003C3BDB /* Products */,
			);
			sourceTree = "<group>";
		};
		789AA068297783C3003C3BDB /* Products */ = {
			isa = PBXGroup;
			children = (
				789AA067297783C3003C3BDB /* PokeDex.app */,
			);
			name = Products;
			sourceTree = "<group>";
		};
		789AA069297783C3003C3BDB /* PokeDex */ = {
			isa = PBXGroup;
			children = (
				789AA0872977BED0003C3BDB /* APIService */,
				789AA0862977B409003C3BDB /* Configure */,
				789AA0852977B3D5003C3BDB /* SupportedFile */,
				789AA0842977B3C0003C3BDB /* Views */,
				789AA0832977B3B3003C3BDB /* ViewControllers */,
				789AA0822977B3AC003C3BDB /* Models */,
			);
			path = PokeDex;
			sourceTree = "<group>";
		};
		789AA0822977B3AC003C3BDB /* Models */ = {
			isa = PBXGroup;
			children = (
				789AA08D2977BFCF003C3BDB /* Pokemon.swift */,
			);
			path = Models;
			sourceTree = "<group>";
		};
		789AA0832977B3B3003C3BDB /* ViewControllers */ = {
			isa = PBXGroup;
			children = (
				789AA07E29778DB3003C3BDB /* PokeViewController.swift */,
			);
			path = ViewControllers;
			sourceTree = "<group>";
		};
		789AA0842977B3C0003C3BDB /* Views */ = {
			isa = PBXGroup;
			children = (
				789AA08029778DDB003C3BDB /* Pokemon.storyboard */,
				789AA0922978D8CB003C3BDB /* PokemonCollectionViewCell.swift */,
				789AA0A229794065003C3BDB /* LoadingReusableView.swift */,
				789AA0A329794065003C3BDB /* LoadingReusableView.xib */,
			);
			path = Views;
			sourceTree = "<group>";
		};
		789AA0852977B3D5003C3BDB /* SupportedFile */ = {
			isa = PBXGroup;
			children = (
				789AA0942978DB46003C3BDB /* ARCADECLASSIC.TTF */,
				789AA073297783C4003C3BDB /* Assets.xcassets */,
				789AA0962978DBD1003C3BDB /* TwoColumnFlowLayout.swift */,
			);
			path = SupportedFile;
			sourceTree = "<group>";
		};
		789AA0862977B409003C3BDB /* Configure */ = {
			isa = PBXGroup;
			children = (
				789AA06C297783C3003C3BDB /* SceneDelegate.swift */,
				789AA06A297783C3003C3BDB /* AppDelegate.swift */,
				789AA075297783C4003C3BDB /* LaunchScreen.storyboard */,
				789AA078297783C4003C3BDB /* Info.plist */,
			);
			path = Configure;
			sourceTree = "<group>";
		};
		789AA0872977BED0003C3BDB /* APIService */ = {
			isa = PBXGroup;
			children = (
				789AA0882977BF48003C3BDB /* APIService.swift */,
			);
			path = APIService;
			sourceTree = "<group>";
		};
/* End PBXGroup section */

/* Begin PBXNativeTarget section */
		789AA066297783C3003C3BDB /* PokeDex */ = {
			isa = PBXNativeTarget;
			buildConfigurationList = 789AA07B297783C4003C3BDB /* Build configuration list for PBXNativeTarget "PokeDex" */;
			buildPhases = (
				789AA063297783C3003C3BDB /* Sources */,
				789AA064297783C3003C3BDB /* Frameworks */,
				789AA065297783C3003C3BDB /* Resources */,
			);
			buildRules = (
			);
			dependencies = (
			);
			name = PokeDex;
			packageProductDependencies = (
				789AA08B2977BF59003C3BDB /* PokemonAPI */,
				789AA09C2978DFFA003C3BDB /* Kingfisher */,
			);
			productName = PokeDex;
			productReference = 789AA067297783C3003C3BDB /* PokeDex.app */;
			productType = "com.apple.product-type.application";
		};
/* End PBXNativeTarget section */

/* Begin PBXProject section */
		789AA05F297783C3003C3BDB /* Project object */ = {
			isa = PBXProject;
			attributes = {
				BuildIndependentTargetsInParallel = 1;
				LastSwiftUpdateCheck = 1410;
				LastUpgradeCheck = 1410;
				TargetAttributes = {
					789AA066297783C3003C3BDB = {
						CreatedOnToolsVersion = 14.1;
					};
				};
			};
			buildConfigurationList = 789AA062297783C3003C3BDB /* Build configuration list for PBXProject "PokeDex" */;
			compatibilityVersion = "Xcode 14.0";
			developmentRegion = en;
			hasScannedForEncodings = 0;
			knownRegions = (
				en,
				Base,
			);
			mainGroup = 789AA05E297783C3003C3BDB;
			packageReferences = (
				789AA08A2977BF59003C3BDB /* XCRemoteSwiftPackageReference "PokemonAPI" */,
				789AA09B2978DFFA003C3BDB /* XCRemoteSwiftPackageReference "Kingfisher" */,
			);
			productRefGroup = 789AA068297783C3003C3BDB /* Products */;
			projectDirPath = "";
			projectRoot = "";
			targets = (
				789AA066297783C3003C3BDB /* PokeDex */,
			);
		};
/* End PBXProject section */

/* Begin PBXResourcesBuildPhase section */
		789AA065297783C3003C3BDB /* Resources */ = {
			isa = PBXResourcesBuildPhase;
			buildActionMask = 2147483647;
			files = (
				789AA0A529794065003C3BDB /* LoadingReusableView.xib in Resources */,
				789AA077297783C4003C3BDB /* LaunchScreen.storyboard in Resources */,
				789AA074297783C4003C3BDB /* Assets.xcassets in Resources */,
				789AA08129778DDB003C3BDB /* Pokemon.storyboard in Resources */,
				789AA0952978DB46003C3BDB /* ARCADECLASSIC.TTF in Resources */,
			);
			runOnlyForDeploymentPostprocessing = 0;
		};
/* End PBXResourcesBuildPhase section */

/* Begin PBXSourcesBuildPhase section */
		789AA063297783C3003C3BDB /* Sources */ = {
			isa = PBXSourcesBuildPhase;
			buildActionMask = 2147483647;
			files = (
				789AA0A429794065003C3BDB /* LoadingReusableView.swift in Sources */,
				789AA08E2977BFCF003C3BDB /* Pokemon.swift in Sources */,
				789AA07F29778DB3003C3BDB /* PokeViewController.swift in Sources */,
				789AA0972978DBD1003C3BDB /* TwoColumnFlowLayout.swift in Sources */,
				789AA06B297783C3003C3BDB /* AppDelegate.swift in Sources */,
				789AA0892977BF48003C3BDB /* APIService.swift in Sources */,
				789AA0932978D8CB003C3BDB /* PokemonCollectionViewCell.swift in Sources */,
				789AA06D297783C3003C3BDB /* SceneDelegate.swift in Sources */,
			);
			runOnlyForDeploymentPostprocessing = 0;
		};
/* End PBXSourcesBuildPhase section */

/* Begin PBXVariantGroup section */
		789AA075297783C4003C3BDB /* LaunchScreen.storyboard */ = {
			isa = PBXVariantGroup;
			children = (
				789AA076297783C4003C3BDB /* Base */,
			);
			name = LaunchScreen.storyboard;
			sourceTree = "<group>";
		};
/* End PBXVariantGroup section */

/* Begin XCBuildConfiguration section */
		789AA079297783C4003C3BDB /* Debug */ = {
			isa = XCBuildConfiguration;
			buildSettings = {
				ALWAYS_SEARCH_USER_PATHS = NO;
				CLANG_ANALYZER_NONNULL = YES;
				CLANG_ANALYZER_NUMBER_OBJECT_CONVERSION = YES_AGGRESSIVE;
				CLANG_CXX_LANGUAGE_STANDARD = "gnu++20";
				CLANG_ENABLE_MODULES = YES;
				CLANG_ENABLE_OBJC_ARC = YES;
				CLANG_ENABLE_OBJC_WEAK = YES;
				CLANG_WARN_BLOCK_CAPTURE_AUTORELEASING = YES;
				CLANG_WARN_BOOL_CONVERSION = YES;
				CLANG_WARN_COMMA = YES;
				CLANG_WARN_CONSTANT_CONVERSION = YES;
				CLANG_WARN_DEPRECATED_OBJC_IMPLEMENTATIONS = YES;
				CLANG_WARN_DIRECT_OBJC_ISA_USAGE = YES_ERROR;
				CLANG_WARN_DOCUMENTATION_COMMENTS = YES;
				CLANG_WARN_EMPTY_BODY = YES;
				CLANG_WARN_ENUM_CONVERSION = YES;
				CLANG_WARN_INFINITE_RECURSION = YES;
				CLANG_WARN_INT_CONVERSION = YES;
				CLANG_WARN_NON_LITERAL_NULL_CONVERSION = YES;
				CLANG_WARN_OBJC_IMPLICIT_RETAIN_SELF = YES;
				CLANG_WARN_OBJC_LITERAL_CONVERSION = YES;
				CLANG_WARN_OBJC_ROOT_CLASS = YES_ERROR;
				CLANG_WARN_QUOTED_INCLUDE_IN_FRAMEWORK_HEADER = YES;
				CLANG_WARN_RANGE_LOOP_ANALYSIS = YES;
				CLANG_WARN_STRICT_PROTOTYPES = YES;
				CLANG_WARN_SUSPICIOUS_MOVE = YES;
				CLANG_WARN_UNGUARDED_AVAILABILITY = YES_AGGRESSIVE;
				CLANG_WARN_UNREACHABLE_CODE = YES;
				CLANG_WARN__DUPLICATE_METHOD_MATCH = YES;
				COPY_PHASE_STRIP = NO;
				DEBUG_INFORMATION_FORMAT = dwarf;
				ENABLE_STRICT_OBJC_MSGSEND = YES;
				ENABLE_TESTABILITY = YES;
				GCC_C_LANGUAGE_STANDARD = gnu11;
				GCC_DYNAMIC_NO_PIC = NO;
				GCC_NO_COMMON_BLOCKS = YES;
				GCC_OPTIMIZATION_LEVEL = 0;
				GCC_PREPROCESSOR_DEFINITIONS = (
					"DEBUG=1",
					"$(inherited)",
				);
				GCC_WARN_64_TO_32_BIT_CONVERSION = YES;
				GCC_WARN_ABOUT_RETURN_TYPE = YES_ERROR;
				GCC_WARN_UNDECLARED_SELECTOR = YES;
				GCC_WARN_UNINITIALIZED_AUTOS = YES_AGGRESSIVE;
				GCC_WARN_UNUSED_FUNCTION = YES;
				GCC_WARN_UNUSED_VARIABLE = YES;
				IPHONEOS_DEPLOYMENT_TARGET = 15.0;
				MTL_ENABLE_DEBUG_INFO = INCLUDE_SOURCE;
				MTL_FAST_MATH = YES;
				ONLY_ACTIVE_ARCH = YES;
				SDKROOT = iphoneos;
				SWIFT_ACTIVE_COMPILATION_CONDITIONS = DEBUG;
				SWIFT_OPTIMIZATION_LEVEL = "-Onone";
			};
			name = Debug;
		};
		789AA07A297783C4003C3BDB /* Release */ = {
			isa = XCBuildConfiguration;
			buildSettings = {
				ALWAYS_SEARCH_USER_PATHS = NO;
				CLANG_ANALYZER_NONNULL = YES;
				CLANG_ANALYZER_NUMBER_OBJECT_CONVERSION = YES_AGGRESSIVE;
				CLANG_CXX_LANGUAGE_STANDARD = "gnu++20";
				CLANG_ENABLE_MODULES = YES;
				CLANG_ENABLE_OBJC_ARC = YES;
				CLANG_ENABLE_OBJC_WEAK = YES;
				CLANG_WARN_BLOCK_CAPTURE_AUTORELEASING = YES;
				CLANG_WARN_BOOL_CONVERSION = YES;
				CLANG_WARN_COMMA = YES;
				CLANG_WARN_CONSTANT_CONVERSION = YES;
				CLANG_WARN_DEPRECATED_OBJC_IMPLEMENTATIONS = YES;
				CLANG_WARN_DIRECT_OBJC_ISA_USAGE = YES_ERROR;
				CLANG_WARN_DOCUMENTATION_COMMENTS = YES;
				CLANG_WARN_EMPTY_BODY = YES;
				CLANG_WARN_ENUM_CONVERSION = YES;
				CLANG_WARN_INFINITE_RECURSION = YES;
				CLANG_WARN_INT_CONVERSION = YES;
				CLANG_WARN_NON_LITERAL_NULL_CONVERSION = YES;
				CLANG_WARN_OBJC_IMPLICIT_RETAIN_SELF = YES;
				CLANG_WARN_OBJC_LITERAL_CONVERSION = YES;
				CLANG_WARN_OBJC_ROOT_CLASS = YES_ERROR;
				CLANG_WARN_QUOTED_INCLUDE_IN_FRAMEWORK_HEADER = YES;
				CLANG_WARN_RANGE_LOOP_ANALYSIS = YES;
				CLANG_WARN_STRICT_PROTOTYPES = YES;
				CLANG_WARN_SUSPICIOUS_MOVE = YES;
				CLANG_WARN_UNGUARDED_AVAILABILITY = YES_AGGRESSIVE;
				CLANG_WARN_UNREACHABLE_CODE = YES;
				CLANG_WARN__DUPLICATE_METHOD_MATCH = YES;
				COPY_PHASE_STRIP = NO;
				DEBUG_INFORMATION_FORMAT = "dwarf-with-dsym";
				ENABLE_NS_ASSERTIONS = NO;
				ENABLE_STRICT_OBJC_MSGSEND = YES;
				GCC_C_LANGUAGE_STANDARD = gnu11;
				GCC_NO_COMMON_BLOCKS = YES;
				GCC_WARN_64_TO_32_BIT_CONVERSION = YES;
				GCC_WARN_ABOUT_RETURN_TYPE = YES_ERROR;
				GCC_WARN_UNDECLARED_SELECTOR = YES;
				GCC_WARN_UNINITIALIZED_AUTOS = YES_AGGRESSIVE;
				GCC_WARN_UNUSED_FUNCTION = YES;
				GCC_WARN_UNUSED_VARIABLE = YES;
				IPHONEOS_DEPLOYMENT_TARGET = 15.0;
				MTL_ENABLE_DEBUG_INFO = NO;
				MTL_FAST_MATH = YES;
				SDKROOT = iphoneos;
				SWIFT_COMPILATION_MODE = wholemodule;
				SWIFT_OPTIMIZATION_LEVEL = "-O";
				VALIDATE_PRODUCT = YES;
			};
			name = Release;
		};
		789AA07C297783C4003C3BDB /* Debug */ = {
			isa = XCBuildConfiguration;
			buildSettings = {
				ASSETCATALOG_COMPILER_APPICON_NAME = AppIcon;
				ASSETCATALOG_COMPILER_GLOBAL_ACCENT_COLOR_NAME = AccentColor;
				CODE_SIGN_STYLE = Automatic;
				CURRENT_PROJECT_VERSION = 1;
				DEVELOPMENT_TEAM = 7L3BA7B54Q;
				GENERATE_INFOPLIST_FILE = YES;
				INFOPLIST_FILE = PokeDex/Configure/Info.plist;
				INFOPLIST_KEY_UIApplicationSupportsIndirectInputEvents = YES;
				INFOPLIST_KEY_UILaunchStoryboardName = LaunchScreen;
				INFOPLIST_KEY_UIMainStoryboardFile = Pokemon;
				INFOPLIST_KEY_UISupportedInterfaceOrientations = UIInterfaceOrientationPortrait;
				IPHONEOS_DEPLOYMENT_TARGET = 15.0;
				LD_RUNPATH_SEARCH_PATHS = (
					"$(inherited)",
					"@executable_path/Frameworks",
				);
				MARKETING_VERSION = 1.0;
				PRODUCT_BUNDLE_IDENTIFIER = com.dy.PokeDex;
				PRODUCT_NAME = "$(TARGET_NAME)";
				SUPPORTED_PLATFORMS = "iphoneos iphonesimulator";
				SUPPORTS_MACCATALYST = NO;
				SUPPORTS_MAC_DESIGNED_FOR_IPHONE_IPAD = NO;
				SWIFT_EMIT_LOC_STRINGS = YES;
				SWIFT_VERSION = 5.0;
				TARGETED_DEVICE_FAMILY = 1;
			};
			name = Debug;
		};
		789AA07D297783C4003C3BDB /* Release */ = {
			isa = XCBuildConfiguration;
			buildSettings = {
				ASSETCATALOG_COMPILER_APPICON_NAME = AppIcon;
				ASSETCATALOG_COMPILER_GLOBAL_ACCENT_COLOR_NAME = AccentColor;
				CODE_SIGN_STYLE = Automatic;
				CURRENT_PROJECT_VERSION = 1;
				DEVELOPMENT_TEAM = 7L3BA7B54Q;
				GENERATE_INFOPLIST_FILE = YES;
				INFOPLIST_FILE = PokeDex/Configure/Info.plist;
				INFOPLIST_KEY_UIApplicationSupportsIndirectInputEvents = YES;
				INFOPLIST_KEY_UILaunchStoryboardName = LaunchScreen;
				INFOPLIST_KEY_UIMainStoryboardFile = Pokemon;
				INFOPLIST_KEY_UISupportedInterfaceOrientations = UIInterfaceOrientationPortrait;
				IPHONEOS_DEPLOYMENT_TARGET = 15.0;
				LD_RUNPATH_SEARCH_PATHS = (
					"$(inherited)",
					"@executable_path/Frameworks",
				);
				MARKETING_VERSION = 1.0;
				PRODUCT_BUNDLE_IDENTIFIER = com.dy.PokeDex;
				PRODUCT_NAME = "$(TARGET_NAME)";
				SUPPORTED_PLATFORMS = "iphoneos iphonesimulator";
				SUPPORTS_MACCATALYST = NO;
				SUPPORTS_MAC_DESIGNED_FOR_IPHONE_IPAD = NO;
				SWIFT_EMIT_LOC_STRINGS = YES;
				SWIFT_VERSION = 5.0;
				TARGETED_DEVICE_FAMILY = 1;
			};
			name = Release;
		};
/* End XCBuildConfiguration section */

/* Begin XCConfigurationList section */
		789AA062297783C3003C3BDB /* Build configuration list for PBXProject "PokeDex" */ = {
			isa = XCConfigurationList;
			buildConfigurations = (
				789AA079297783C4003C3BDB /* Debug */,
				789AA07A297783C4003C3BDB /* Release */,
			);
			defaultConfigurationIsVisible = 0;
			defaultConfigurationName = Release;
		};
		789AA07B297783C4003C3BDB /* Build configuration list for PBXNativeTarget "PokeDex" */ = {
			isa = XCConfigurationList;
			buildConfigurations = (
				789AA07C297783C4003C3BDB /* Debug */,
				789AA07D297783C4003C3BDB /* Release */,
			);
			defaultConfigurationIsVisible = 0;
			defaultConfigurationName = Release;
		};
/* End XCConfigurationList section */

/* Begin XCRemoteSwiftPackageReference section */
		789AA08A2977BF59003C3BDB /* XCRemoteSwiftPackageReference "PokemonAPI" */ = {
			isa = XCRemoteSwiftPackageReference;
			repositoryURL = "https://github.com/kinkofer/PokemonAPI";
			requirement = {
				branch = main;
				kind = branch;
			};
		};
		789AA09B2978DFFA003C3BDB /* XCRemoteSwiftPackageReference "Kingfisher" */ = {
			isa = XCRemoteSwiftPackageReference;
			repositoryURL = "https://github.com/onevcat/Kingfisher";
			requirement = {
				branch = master;
				kind = branch;
			};
		};
/* End XCRemoteSwiftPackageReference section */

/* Begin XCSwiftPackageProductDependency section */
		789AA08B2977BF59003C3BDB /* PokemonAPI */ = {
			isa = XCSwiftPackageProductDependency;
			package = 789AA08A2977BF59003C3BDB /* XCRemoteSwiftPackageReference "PokemonAPI" */;
			productName = PokemonAPI;
		};
		789AA09C2978DFFA003C3BDB /* Kingfisher */ = {
			isa = XCSwiftPackageProductDependency;
			package = 789AA09B2978DFFA003C3BDB /* XCRemoteSwiftPackageReference "Kingfisher" */;
			productName = Kingfisher;
		};
/* End XCSwiftPackageProductDependency section */
	};
	rootObject = 789AA05F297783C3003C3BDB /* Project object */;
}
